
Microsoft Visual Studio Solution File, Format Version 12.00
# Visual Studio Version 17
VisualStudioVersion = 17.4.33110.190
MinimumVisualStudioVersion = 10.0.40219.1
Project("{FAE04EC0-301F-11D3-BF4B-00C04F79EFBC}") = "FY6900H-100M PC Software", "FY6900H-100M PC Software\FY6900H-100M PC Software.csproj", "{F6498E88-30BF-49E4-83A8-A76E752107F3}"
EndProject
Global
	GlobalSection(SolutionConfigurationPlatforms) = preSolution
		Debug|Any CPU = Debug|Any CPU
		Release|Any CPU = Release|Any CPU
	EndGlobalSection
	GlobalSection(ProjectConfigurationPlatforms) = postSolution
		{F6498E88-30BF-49E4-83A8-A76E752107F3}.Debug|Any CPU.ActiveCfg = Debug|Any CPU
		{F6498E88-30BF-49E4-83A8-A76E752107F3}.Debug|Any CPU.Build.0 = Debug|Any CPU
		{F6498E88-30BF-49E4-83A8-A76E752107F3}.Release|Any CPU.ActiveCfg = Release|Any CPU
		{F6498E88-30BF-49E4-83A8-A76E752107F3}.Release|Any CPU.Build.0 = Release|Any CPU
	EndGlobalSection
	GlobalSection(SolutionProperties) = preSolution
		HideSolutionNode = FALSE
	EndGlobalSection
	GlobalSection(ExtensibilityGlobals) = postSolution
		SolutionGuid = {6770774A-A282-45F0-BA1B-3C7C90387883}
	EndGlobalSection
EndGlobal
